// !$*UTF8*$!
{
	archiveVersion = 1;
	classes = {
	};
	objectVersion = 46;
	objects = {

/* Begin PBXBuildFile section */
		055EB8EB1BC51F6E007D4952 /* AppDelegate.swift in Sources */ = {isa = PBXBuildFile; fileRef = 055EB8EA1BC51F6E007D4952 /* AppDelegate.swift */; };
		055EB8ED1BC51F6E007D4952 /* ViewController.swift in Sources */ = {isa = PBXBuildFile; fileRef = 055EB8EC1BC51F6E007D4952 /* ViewController.swift */; };
		055EB8F01BC51F6E007D4952 /* Main.storyboard in Resources */ = {isa = PBXBuildFile; fileRef = 055EB8EE1BC51F6E007D4952 /* Main.storyboard */; };
		055EB8F21BC51F6E007D4952 /* Assets.xcassets in Resources */ = {isa = PBXBuildFile; fileRef = 055EB8F11BC51F6E007D4952 /* Assets.xcassets */; };
		055EB8F51BC51F6E007D4952 /* LaunchScreen.storyboard in Resources */ = {isa = PBXBuildFile; fileRef = 055EB8F31BC51F6E007D4952 /* LaunchScreen.storyboard */; };
		055EB8FD1BC59D29007D4952 /* ForceSketch.gif in Resources */ = {isa = PBXBuildFile; fileRef = 055EB8FC1BC59D29007D4952 /* ForceSketch.gif */; settings = {ASSET_TAGS = (); }; };
/* End PBXBuildFile section */

/* Begin PBXFileReference section */
		055EB8E71BC51F6E007D4952 /* ForceSketch.app */ = {isa = PBXFileReference; explicitFileType = wrapper.application; includeInIndex = 0; path = ForceSketch.app; sourceTree = BUILT_PRODUCTS_DIR; };
		055EB8EA1BC51F6E007D4952 /* AppDelegate.swift */ = {isa = PBXFileReference; lastKnownFileType = sourcecode.swift; path = AppDelegate.swift; sourceTree = "<group>"; };
		055EB8EC1BC51F6E007D4952 /* ViewController.swift */ = {isa = PBXFileReference; lastKnownFileType = sourcecode.swift; path = ViewController.swift; sourceTree = "<group>"; };
		055EB8EF1BC51F6E007D4952 /* Base */ = {isa = PBXFileReference; lastKnownFileType = file.storyboard; name = Base; path = Base.lproj/Main.storyboard; sourceTree = "<group>"; };
		055EB8F11BC51F6E007D4952 /* Assets.xcassets */ = {isa = PBXFileReference; lastKnownFileType = folder.assetcatalog; path = Assets.xcassets; sourceTree = "<group>"; };
		055EB8F41BC51F6E007D4952 /* Base */ = {isa = PBXFileReference; lastKnownFileType = file.storyboard; name = Base; path = Base.lproj/LaunchScreen.storyboard; sourceTree = "<group>"; };
		055EB8F61BC51F6E007D4952 /* Info.plist */ = {isa = PBXFileReference; lastKnownFileType = text.plist.xml; path = Info.plist; sourceTree = "<group>"; };
		055EB8FC1BC59D29007D4952 /* ForceSketch.gif */ = {isa = PBXFileReference; lastKnownFileType = image.gif; path = ForceSketch.gif; sourceTree = "<group>"; };
/* End PBXFileReference section */

/* Begin PBXFrameworksBuildPhase section */
		055EB8E41BC51F6E007D4952 /* Frameworks */ = {
			isa = PBXFrameworksBuildPhase;
			buildActionMask = 2147483647;
			files = (
			);
			runOnlyForDeploymentPostprocessing = 0;
		};
/* End PBXFrameworksBuildPhase section */

/* Begin PBXGroup section */
		055EB8DE1BC51F6E007D4952 = {
			isa = PBXGroup;
			children = (
				055EB8E91BC51F6E007D4952 /* ForceSketch */,
				055EB8E81BC51F6E007D4952 /* Products */,
			);
			sourceTree = "<group>";
		};
		055EB8E81BC51F6E007D4952 /* Products */ = {
			isa = PBXGroup;
			children = (
				055EB8E71BC51F6E007D4952 /* ForceSketch.app */,
			);
			name = Products;
			sourceTree = "<group>";
		};
		055EB8E91BC51F6E007D4952 /* ForceSketch */ = {
			isa = PBXGroup;
			children = (
				055EB8FC1BC59D29007D4952 /* ForceSketch.gif */,
				055EB8EA1BC51F6E007D4952 /* AppDelegate.swift */,
				055EB8EC1BC51F6E007D4952 /* ViewController.swift */,
				055EB8EE1BC51F6E007D4952 /* Main.storyboard */,
				055EB8F11BC51F6E007D4952 /* Assets.xcassets */,
				055EB8F31BC51F6E007D4952 /* LaunchScreen.storyboard */,
				055EB8F61BC51F6E007D4952 /* Info.plist */,
			);
			path = ForceSketch;
			sourceTree = "<group>";
		};
/* End PBXGroup section */

/* Begin PBXNativeTarget section */
		055EB8E61BC51F6E007D4952 /* ForceSketch */ = {
			isa = PBXNativeTarget;
			buildConfigurationList = 055EB8F91BC51F6E007D4952 /* Build configuration list for PBXNativeTarget "ForceSketch" */;
			buildPhases = (
				055EB8E31BC51F6E007D4952 /* Sources */,
				055EB8E41BC51F6E007D4952 /* Frameworks */,
				055EB8E51BC51F6E007D4952 /* Resources */,
			);
			buildRules = (
			);
			dependencies = (
			);
			name = ForceSketch;
			productName = ForceSketch;
			productReference = 055EB8E71BC51F6E007D4952 /* ForceSketch.app */;
			productType = "com.apple.product-type.application";
		};
/* End PBXNativeTarget section */

/* Begin PBXProject section */
		055EB8DF1BC51F6E007D4952 /* Project object */ = {
			isa = PBXProject;
			attributes = {
				LastUpgradeCheck = 0700;
				ORGANIZATIONNAME = "Simon Gladman";
				TargetAttributes = {
					055EB8E61BC51F6E007D4952 = {
						CreatedOnToolsVersion = 7.0;
					};
				};
			};
			buildConfigurationList = 055EB8E21BC51F6E007D4952 /* Build configuration list for PBXProject "ForceSketch" */;
			compatibilityVersion = "Xcode 3.2";
			developmentRegion = English;
			hasScannedForEncodings = 0;
			knownRegions = (
				en,
				Base,
			);
			mainGroup = 055EB8DE1BC51F6E007D4952;
			productRefGroup = 055EB8E81BC51F6E007D4952 /* Products */;
			projectDirPath = "";
			projectRoot = "";
			targets = (
				055EB8E61BC51F6E007D4952 /* ForceSketch */,
			);
		};
/* End PBXProject section */

/* Begin PBXResourcesBuildPhase section */
		055EB8E51BC51F6E007D4952 /* Resources */ = {
			isa = PBXResourcesBuildPhase;
			buildActionMask = 2147483647;
			files = (
				055EB8FD1BC59D29007D4952 /* ForceSketch.gif in Resources */,
				055EB8F51BC51F6E007D4952 /* LaunchScreen.storyboard in Resources */,
				055EB8F21BC51F6E007D4952 /* Assets.xcassets in Resources */,
				055EB8F01BC51F6E007D4952 /* Main.storyboard in Resources */,
			);
			runOnlyForDeploymentPostprocessing = 0;
		};
/* End PBXResourcesBuildPhase section */

/* Begin PBXSourcesBuildPhase section */
		055EB8E31BC51F6E007D4952 /* Sources */ = {
			isa = PBXSourcesBuildPhase;
			buildActionMask = 2147483647;
			files = (
				055EB8ED1BC51F6E007D4952 /* ViewController.swift in Sources */,
				055EB8EB1BC51F6E007D4952 /* AppDelegate.swift in Sources */,
			);
			runOnlyForDeploymentPostprocessing = 0;
		};
/* End PBXSourcesBuildPhase section */

/* Begin PBXVariantGroup section */
		055EB8EE1BC51F6E007D4952 /* Main.storyboard */ = {
			isa = PBXVariantGroup;
			children = (
				055EB8EF1BC51F6E007D4952 /* Base */,
			);
			name = Main.storyboard;
			sourceTree = "<group>";
		};
		055EB8F31BC51F6E007D4952 /* LaunchScreen.storyboard */ = {
			isa = PBXVariantGroup;
			children = (
				055EB8F41BC51F6E007D4952 /* Base */,
			);
			name = LaunchScreen.storyboard;
			sourceTree = "<group>";
		};
/* End PBXVariantGroup section */

/* Begin XCBuildConfiguration section */
		055EB8F71BC51F6E007D4952 /* Debug */ = {
			isa = XCBuildConfiguration;
			buildSettings = {
				ALWAYS_SEARCH_USER_PATHS = NO;
				CLANG_CXX_LANGUAGE_STANDARD = "gnu++0x";
				CLANG_CXX_LIBRARY = "libc++";
				CLANG_ENABLE_MODULES = YES;
				CLANG_ENABLE_OBJC_ARC = YES;
				CLANG_WARN_BOOL_CONVERSION = YES;
				CLANG_WARN_CONSTANT_CONVERSION = YES;
				CLANG_WARN_DIRECT_OBJC_ISA_USAGE = YES_ERROR;
				CLANG_WARN_EMPTY_BODY = YES;
				CLANG_WARN_ENUM_CONVERSION = YES;
				CLANG_WARN_INT_CONVERSION = YES;
				CLANG_WARN_OBJC_ROOT_CLASS = YES_ERROR;
				CLANG_WARN_UNREACHABLE_CODE = YES;
				CLANG_WARN__DUPLICATE_METHOD_MATCH = YES;
				"CODE_SIGN_IDENTITY[sdk=iphoneos*]" = "iPhone Developer";
				COPY_PHASE_STRIP = NO;
				DEBUG_INFORMATION_FORMAT = dwarf;
				ENABLE_STRICT_OBJC_MSGSEND = YES;
				ENABLE_TESTABILITY = YES;
				GCC_C_LANGUAGE_STANDARD = gnu99;
				GCC_DYNAMIC_NO_PIC = NO;
				GCC_NO_COMMON_BLOCKS = YES;
				GCC_OPTIMIZATION_LEVEL = 0;
				GCC_PREPROCESSOR_DEFINITIONS = (
					"DEBUG=1",
					"$(inherited)",
				);
				GCC_WARN_64_TO_32_BIT_CONVERSION = YES;
				GCC_WARN_ABOUT_RETURN_TYPE = YES_ERROR;
				GCC_WARN_UNDECLARED_SELECTOR = YES;
				GCC_WARN_UNINITIALIZED_AUTOS = YES_AGGRESSIVE;
				GCC_WARN_UNUSED_FUNCTION = YES;
				GCC_WARN_UNUSED_VARIABLE = YES;
				IPHONEOS_DEPLOYMENT_TARGET = 9.0;
				MTL_ENABLE_DEBUG_INFO = YES;
				ONLY_ACTIVE_ARCH = YES;
				SDKROOT = iphoneos;
				SWIFT_OPTIMIZATION_LEVEL = "-Onone";
				TARGETED_DEVICE_FAMILY = "1,2";
			};
			name = Debug;
		};
		055EB8F81BC51F6E007D4952 /* Release */ = {
			isa = XCBuildConfiguration;
			buildSettings = {
				ALWAYS_SEARCH_USER_PATHS = NO;
				CLANG_CXX_LANGUAGE_STANDARD = "gnu++0x";
				CLANG_CXX_LIBRARY = "libc++";
				CLANG_ENABLE_MODULES = YES;
				CLANG_ENABLE_OBJC_ARC = YES;
				CLANG_WARN_BOOL_CONVERSION = YES;
				CLANG_WARN_CONSTANT_CONVERSION = YES;
				CLANG_WARN_DIRECT_OBJC_ISA_USAGE = YES_ERROR;
				CLANG_WARN_EMPTY_BODY = YES;
				CLANG_WARN_ENUM_CONVERSION = YES;
				CLANG_WARN_INT_CONVERSION = YES;
				CLANG_WARN_OBJC_ROOT_CLASS = YES_ERROR;
				CLANG_WARN_UNREACHABLE_CODE = YES;
				CLANG_WARN__DUPLICATE_METHOD_MATCH = YES;
				"CODE_SIGN_IDENTITY[sdk=iphoneos*]" = "iPhone Developer";
				COPY_PHASE_STRIP = NO;
				DEBUG_INFORMATION_FORMAT = "dwarf-with-dsym";
				ENABLE_NS_ASSERTIONS = NO;
				ENABLE_STRICT_OBJC_MSGSEND = YES;
				GCC_C_LANGUAGE_STANDARD = gnu99;
				GCC_NO_COMMON_BLOCKS = YES;
				GCC_WARN_64_TO_32_BIT_CONVERSION = YES;
				GCC_WARN_ABOUT_RETURN_TYPE = YES_ERROR;
				GCC_WARN_UNDECLARED_SELECTOR = YES;
				GCC_WARN_UNINITIALIZED_AUTOS = YES_AGGRESSIVE;
				GCC_WARN_UNUSED_FUNCTION = YES;
				GCC_WARN_UNUSED_VARIABLE = YES;
				IPHONEOS_DEPLOYMENT_TARGET = 9.0;
				MTL_ENABLE_DEBUG_INFO = NO;
				SDKROOT = iphoneos;
				TARGETED_DEVICE_FAMILY = "1,2";
				VALIDATE_PRODUCT = YES;
			};
			name = Release;
		};
		055EB8FA1BC51F6E007D4952 /* Debug */ = {
			isa = XCBuildConfiguration;
			buildSettings = {
				ASSETCATALOG_COMPILER_APPICON_NAME = AppIcon;
				INFOPLIST_FILE = ForceSketch/Info.plist;
				LD_RUNPATH_SEARCH_PATHS = "$(inherited) @executable_path/Frameworks";
				PRODUCT_BUNDLE_IDENTIFIER = uk.co.flexmonkey.ForceSketch;
				PRODUCT_NAME = "$(TARGET_NAME)";
			};
			name = Debug;
		};
		055EB8FB1BC51F6E007D4952 /* Release */ = {
			isa = XCBuildConfiguration;
			buildSettings = {
				ASSETCATALOG_COMPILER_APPICON_NAME = AppIcon;
				INFOPLIST_FILE = ForceSketch/Info.plist;
				LD_RUNPATH_SEARCH_PATHS = "$(inherited) @executable_path/Frameworks";
				PRODUCT_BUNDLE_IDENTIFIER = uk.co.flexmonkey.ForceSketch;
				PRODUCT_NAME = "$(TARGET_NAME)";
			};
			name = Release;
		};
/* End XCBuildConfiguration section */

/* Begin XCConfigurationList section */
		055EB8E21BC51F6E007D4952 /* Build configuration list for PBXProject "ForceSketch" */ = {
			isa = XCConfigurationList;
			buildConfigurations = (
				055EB8F71BC51F6E007D4952 /* Debug */,
				055EB8F81BC51F6E007D4952 /* Release */,
			);
			defaultConfigurationIsVisible = 0;
			defaultConfigurationName = Release;
		};
		055EB8F91BC51F6E007D4952 /* Build configuration list for PBXNativeTarget "ForceSketch" */ = {
			isa = XCConfigurationList;
			buildConfigurations = (
				055EB8FA1BC51F6E007D4952 /* Debug */,
				055EB8FB1BC51F6E007D4952 /* Release */,
			);
			defaultConfigurationIsVisible = 0;
		};
/* End XCConfigurationList section */
	};
	rootObject = 055EB8DF1BC51F6E007D4952 /* Project object */;
}
